// !$*UTF8*$!
{
	archiveVersion = 1;
	classes = {
	};
	objectVersion = 50;
	objects = {

/* Begin PBXBuildFile section */
		101EBA17254729D000461EE9 /* AppDelegate.swift in Sources */ = {isa = PBXBuildFile; fileRef = 101EBA16254729D000461EE9 /* AppDelegate.swift */; };
		101EBA19254729D000461EE9 /* SceneDelegate.swift in Sources */ = {isa = PBXBuildFile; fileRef = 101EBA18254729D000461EE9 /* SceneDelegate.swift */; };
		101EBA1B254729D000461EE9 /* MovieListVC.swift in Sources */ = {isa = PBXBuildFile; fileRef = 101EBA1A254729D000461EE9 /* MovieListVC.swift */; };
		101EBA1E254729D000461EE9 /* Main.storyboard in Resources */ = {isa = PBXBuildFile; fileRef = 101EBA1C254729D000461EE9 /* Main.storyboard */; };
		101EBA20254729D400461EE9 /* Assets.xcassets in Resources */ = {isa = PBXBuildFile; fileRef = 101EBA1F254729D400461EE9 /* Assets.xcassets */; };
		101EBA23254729D400461EE9 /* LaunchScreen.storyboard in Resources */ = {isa = PBXBuildFile; fileRef = 101EBA21254729D400461EE9 /* LaunchScreen.storyboard */; };
		101EBA2E254729D400461EE9 /* MoviesTests.swift in Sources */ = {isa = PBXBuildFile; fileRef = 101EBA2D254729D400461EE9 /* MoviesTests.swift */; };
		101EBA39254729D400461EE9 /* MoviesUITests.swift in Sources */ = {isa = PBXBuildFile; fileRef = 101EBA38254729D400461EE9 /* MoviesUITests.swift */; };
		101EBA4D25472CC900461EE9 /* keys.plist in Resources */ = {isa = PBXBuildFile; fileRef = 101EBA4C25472CC900461EE9 /* keys.plist */; };
		101EBA5225472D0200461EE9 /* NetworkManager.swift in Sources */ = {isa = PBXBuildFile; fileRef = 101EBA5125472D0200461EE9 /* NetworkManager.swift */; };
		101EBA5725472D3B00461EE9 /* Movie.swift in Sources */ = {isa = PBXBuildFile; fileRef = 101EBA5625472D3B00461EE9 /* Movie.swift */; };
		101EBA5C25472F6C00461EE9 /* MovieListDS.swift in Sources */ = {isa = PBXBuildFile; fileRef = 101EBA5B25472F6C00461EE9 /* MovieListDS.swift */; };
		101EBA6425473A2E00461EE9 /* MovieListCVC.swift in Sources */ = {isa = PBXBuildFile; fileRef = 101EBA6325473A2E00461EE9 /* MovieListCVC.swift */; };
		101EBA6C2547455F00461EE9 /* UIImageViewExtension.swift in Sources */ = {isa = PBXBuildFile; fileRef = 101EBA6B2547455F00461EE9 /* UIImageViewExtension.swift */; };
		101EBA712548441100461EE9 /* MovieDetailVC.swift in Sources */ = {isa = PBXBuildFile; fileRef = 101EBA702548441100461EE9 /* MovieDetailVC.swift */; };
		101EBA7C2548AB2500461EE9 /* FooterCRV.swift in Sources */ = {isa = PBXBuildFile; fileRef = 101EBA7B2548AB2400461EE9 /* FooterCRV.swift */; };
/* End PBXBuildFile section */

/* Begin PBXContainerItemProxy section */
		101EBA2A254729D400461EE9 /* PBXContainerItemProxy */ = {
			isa = PBXContainerItemProxy;
			containerPortal = 101EBA0B254729CF00461EE9 /* Project object */;
			proxyType = 1;
			remoteGlobalIDString = 101EBA12254729D000461EE9;
			remoteInfo = Movies;
		};
		101EBA35254729D400461EE9 /* PBXContainerItemProxy */ = {
			isa = PBXContainerItemProxy;
			containerPortal = 101EBA0B254729CF00461EE9 /* Project object */;
			proxyType = 1;
			remoteGlobalIDString = 101EBA12254729D000461EE9;
			remoteInfo = Movies;
		};
/* End PBXContainerItemProxy section */

/* Begin PBXFileReference section */
		101EBA13254729D000461EE9 /* Movies.app */ = {isa = PBXFileReference; explicitFileType = wrapper.application; includeInIndex = 0; path = Movies.app; sourceTree = BUILT_PRODUCTS_DIR; };
		101EBA16254729D000461EE9 /* AppDelegate.swift */ = {isa = PBXFileReference; lastKnownFileType = sourcecode.swift; path = AppDelegate.swift; sourceTree = "<group>"; };
		101EBA18254729D000461EE9 /* SceneDelegate.swift */ = {isa = PBXFileReference; lastKnownFileType = sourcecode.swift; path = SceneDelegate.swift; sourceTree = "<group>"; };
		101EBA1A254729D000461EE9 /* MovieListVC.swift */ = {isa = PBXFileReference; lastKnownFileType = sourcecode.swift; path = MovieListVC.swift; sourceTree = "<group>"; };
		101EBA1D254729D000461EE9 /* Base */ = {isa = PBXFileReference; lastKnownFileType = file.storyboard; name = Base; path = Base.lproj/Main.storyboard; sourceTree = "<group>"; };
		101EBA1F254729D400461EE9 /* Assets.xcassets */ = {isa = PBXFileReference; lastKnownFileType = folder.assetcatalog; path = Assets.xcassets; sourceTree = "<group>"; };
		101EBA22254729D400461EE9 /* Base */ = {isa = PBXFileReference; lastKnownFileType = file.storyboard; name = Base; path = Base.lproj/LaunchScreen.storyboard; sourceTree = "<group>"; };
		101EBA24254729D400461EE9 /* Info.plist */ = {isa = PBXFileReference; lastKnownFileType = text.plist.xml; path = Info.plist; sourceTree = "<group>"; };
		101EBA29254729D400461EE9 /* MoviesTests.xctest */ = {isa = PBXFileReference; explicitFileType = wrapper.cfbundle; includeInIndex = 0; path = MoviesTests.xctest; sourceTree = BUILT_PRODUCTS_DIR; };
		101EBA2D254729D400461EE9 /* MoviesTests.swift */ = {isa = PBXFileReference; lastKnownFileType = sourcecode.swift; path = MoviesTests.swift; sourceTree = "<group>"; };
		101EBA2F254729D400461EE9 /* Info.plist */ = {isa = PBXFileReference; lastKnownFileType = text.plist.xml; path = Info.plist; sourceTree = "<group>"; };
		101EBA34254729D400461EE9 /* MoviesUITests.xctest */ = {isa = PBXFileReference; explicitFileType = wrapper.cfbundle; includeInIndex = 0; path = MoviesUITests.xctest; sourceTree = BUILT_PRODUCTS_DIR; };
		101EBA38254729D400461EE9 /* MoviesUITests.swift */ = {isa = PBXFileReference; lastKnownFileType = sourcecode.swift; path = MoviesUITests.swift; sourceTree = "<group>"; };
		101EBA3A254729D400461EE9 /* Info.plist */ = {isa = PBXFileReference; lastKnownFileType = text.plist.xml; path = Info.plist; sourceTree = "<group>"; };
		101EBA4C25472CC900461EE9 /* keys.plist */ = {isa = PBXFileReference; fileEncoding = 4; lastKnownFileType = text.plist.xml; path = keys.plist; sourceTree = "<group>"; };
		101EBA5125472D0200461EE9 /* NetworkManager.swift */ = {isa = PBXFileReference; lastKnownFileType = sourcecode.swift; path = NetworkManager.swift; sourceTree = "<group>"; };
		101EBA5625472D3B00461EE9 /* Movie.swift */ = {isa = PBXFileReference; fileEncoding = 4; lastKnownFileType = sourcecode.swift; path = Movie.swift; sourceTree = "<group>"; };
		101EBA5B25472F6C00461EE9 /* MovieListDS.swift */ = {isa = PBXFileReference; lastKnownFileType = sourcecode.swift; path = MovieListDS.swift; sourceTree = "<group>"; };
		101EBA6325473A2E00461EE9 /* MovieListCVC.swift */ = {isa = PBXFileReference; lastKnownFileType = sourcecode.swift; path = MovieListCVC.swift; sourceTree = "<group>"; };
		101EBA6B2547455F00461EE9 /* UIImageViewExtension.swift */ = {isa = PBXFileReference; lastKnownFileType = sourcecode.swift; path = UIImageViewExtension.swift; sourceTree = "<group>"; };
		101EBA702548441100461EE9 /* MovieDetailVC.swift */ = {isa = PBXFileReference; lastKnownFileType = sourcecode.swift; path = MovieDetailVC.swift; sourceTree = "<group>"; };
		101EBA7B2548AB2400461EE9 /* FooterCRV.swift */ = {isa = PBXFileReference; lastKnownFileType = sourcecode.swift; path = FooterCRV.swift; sourceTree = "<group>"; };
/* End PBXFileReference section */

/* Begin PBXFrameworksBuildPhase section */
		101EBA10254729D000461EE9 /* Frameworks */ = {
			isa = PBXFrameworksBuildPhase;
			buildActionMask = 2147483647;
			files = (
			);
			runOnlyForDeploymentPostprocessing = 0;
		};
		101EBA26254729D400461EE9 /* Frameworks */ = {
			isa = PBXFrameworksBuildPhase;
			buildActionMask = 2147483647;
			files = (
			);
			runOnlyForDeploymentPostprocessing = 0;
		};
		101EBA31254729D400461EE9 /* Frameworks */ = {
			isa = PBXFrameworksBuildPhase;
			buildActionMask = 2147483647;
			files = (
			);
			runOnlyForDeploymentPostprocessing = 0;
		};
/* End PBXFrameworksBuildPhase section */

/* Begin PBXGroup section */
		101EBA0A254729CF00461EE9 = {
			isa = PBXGroup;
			children = (
				101EBA15254729D000461EE9 /* Movies */,
				101EBA2C254729D400461EE9 /* MoviesTests */,
				101EBA37254729D400461EE9 /* MoviesUITests */,
				101EBA14254729D000461EE9 /* Products */,
			);
			sourceTree = "<group>";
		};
		101EBA14254729D000461EE9 /* Products */ = {
			isa = PBXGroup;
			children = (
				101EBA13254729D000461EE9 /* Movies.app */,
				101EBA29254729D400461EE9 /* MoviesTests.xctest */,
				101EBA34254729D400461EE9 /* MoviesUITests.xctest */,
			);
			name = Products;
			sourceTree = "<group>";
		};
		101EBA15254729D000461EE9 /* Movies */ = {
			isa = PBXGroup;
			children = (
				101EBA16254729D000461EE9 /* AppDelegate.swift */,
				101EBA18254729D000461EE9 /* SceneDelegate.swift */,
				101EBA5125472D0200461EE9 /* NetworkManager.swift */,
				101EBA6B2547455F00461EE9 /* UIImageViewExtension.swift */,
				101EBA5625472D3B00461EE9 /* Movie.swift */,
				101EBA832548B22600461EE9 /* Views */,
				101EBA5B25472F6C00461EE9 /* MovieListDS.swift */,
				101EBA872548B24600461EE9 /* ViewControllers */,
				101EBA1F254729D400461EE9 /* Assets.xcassets */,
				101EBA1C254729D000461EE9 /* Main.storyboard */,
				101EBA21254729D400461EE9 /* LaunchScreen.storyboard */,
				101EBA4C25472CC900461EE9 /* keys.plist */,
				101EBA24254729D400461EE9 /* Info.plist */,
			);
			path = Movies;
			sourceTree = "<group>";
		};
		101EBA2C254729D400461EE9 /* MoviesTests */ = {
			isa = PBXGroup;
			children = (
				101EBA2D254729D400461EE9 /* MoviesTests.swift */,
				101EBA2F254729D400461EE9 /* Info.plist */,
			);
			path = MoviesTests;
			sourceTree = "<group>";
		};
		101EBA37254729D400461EE9 /* MoviesUITests */ = {
			isa = PBXGroup;
			children = (
				101EBA38254729D400461EE9 /* MoviesUITests.swift */,
				101EBA3A254729D400461EE9 /* Info.plist */,
			);
			path = MoviesUITests;
			sourceTree = "<group>";
		};
		101EBA832548B22600461EE9 /* Views */ = {
			isa = PBXGroup;
			children = (
				101EBA7B2548AB2400461EE9 /* FooterCRV.swift */,
				101EBA6325473A2E00461EE9 /* MovieListCVC.swift */,
			);
			path = Views;
			sourceTree = "<group>";
		};
		101EBA872548B24600461EE9 /* ViewControllers */ = {
			isa = PBXGroup;
			children = (
				101EBA1A254729D000461EE9 /* MovieListVC.swift */,
				101EBA702548441100461EE9 /* MovieDetailVC.swift */,
			);
			path = ViewControllers;
			sourceTree = "<group>";
		};
/* End PBXGroup section */

/* Begin PBXNativeTarget section */
		101EBA12254729D000461EE9 /* Movies */ = {
			isa = PBXNativeTarget;
			buildConfigurationList = 101EBA3D254729D400461EE9 /* Build configuration list for PBXNativeTarget "Movies" */;
			buildPhases = (
				101EBA0F254729D000461EE9 /* Sources */,
				101EBA10254729D000461EE9 /* Frameworks */,
				101EBA11254729D000461EE9 /* Resources */,
			);
			buildRules = (
			);
			dependencies = (
			);
			name = Movies;
			productName = Movies;
			productReference = 101EBA13254729D000461EE9 /* Movies.app */;
			productType = "com.apple.product-type.application";
		};
		101EBA28254729D400461EE9 /* MoviesTests */ = {
			isa = PBXNativeTarget;
			buildConfigurationList = 101EBA40254729D500461EE9 /* Build configuration list for PBXNativeTarget "MoviesTests" */;
			buildPhases = (
				101EBA25254729D400461EE9 /* Sources */,
				101EBA26254729D400461EE9 /* Frameworks */,
				101EBA27254729D400461EE9 /* Resources */,
			);
			buildRules = (
			);
			dependencies = (
				101EBA2B254729D400461EE9 /* PBXTargetDependency */,
			);
			name = MoviesTests;
			productName = MoviesTests;
			productReference = 101EBA29254729D400461EE9 /* MoviesTests.xctest */;
			productType = "com.apple.product-type.bundle.unit-test";
		};
		101EBA33254729D400461EE9 /* MoviesUITests */ = {
			isa = PBXNativeTarget;
			buildConfigurationList = 101EBA43254729D500461EE9 /* Build configuration list for PBXNativeTarget "MoviesUITests" */;
			buildPhases = (
				101EBA30254729D400461EE9 /* Sources */,
				101EBA31254729D400461EE9 /* Frameworks */,
				101EBA32254729D400461EE9 /* Resources */,
			);
			buildRules = (
			);
			dependencies = (
				101EBA36254729D400461EE9 /* PBXTargetDependency */,
			);
			name = MoviesUITests;
			productName = MoviesUITests;
			productReference = 101EBA34254729D400461EE9 /* MoviesUITests.xctest */;
			productType = "com.apple.product-type.bundle.ui-testing";
		};
/* End PBXNativeTarget section */

/* Begin PBXProject section */
		101EBA0B254729CF00461EE9 /* Project object */ = {
			isa = PBXProject;
			attributes = {
				LastSwiftUpdateCheck = 1200;
				LastUpgradeCheck = 1200;
				TargetAttributes = {
					101EBA12254729D000461EE9 = {
						CreatedOnToolsVersion = 12.0.1;
					};
					101EBA28254729D400461EE9 = {
						CreatedOnToolsVersion = 12.0.1;
						TestTargetID = 101EBA12254729D000461EE9;
					};
					101EBA33254729D400461EE9 = {
						CreatedOnToolsVersion = 12.0.1;
						TestTargetID = 101EBA12254729D000461EE9;
					};
				};
			};
			buildConfigurationList = 101EBA0E254729CF00461EE9 /* Build configuration list for PBXProject "Movies" */;
			compatibilityVersion = "Xcode 9.3";
			developmentRegion = en;
			hasScannedForEncodings = 0;
			knownRegions = (
				en,
				Base,
			);
			mainGroup = 101EBA0A254729CF00461EE9;
			productRefGroup = 101EBA14254729D000461EE9 /* Products */;
			projectDirPath = "";
			projectRoot = "";
			targets = (
				101EBA12254729D000461EE9 /* Movies */,
				101EBA28254729D400461EE9 /* MoviesTests */,
				101EBA33254729D400461EE9 /* MoviesUITests */,
			);
		};
/* End PBXProject section */

/* Begin PBXResourcesBuildPhase section */
		101EBA11254729D000461EE9 /* Resources */ = {
			isa = PBXResourcesBuildPhase;
			buildActionMask = 2147483647;
			files = (
				101EBA4D25472CC900461EE9 /* keys.plist in Resources */,
				101EBA23254729D400461EE9 /* LaunchScreen.storyboard in Resources */,
				101EBA20254729D400461EE9 /* Assets.xcassets in Resources */,
				101EBA1E254729D000461EE9 /* Main.storyboard in Resources */,
			);
			runOnlyForDeploymentPostprocessing = 0;
		};
		101EBA27254729D400461EE9 /* Resources */ = {
			isa = PBXResourcesBuildPhase;
			buildActionMask = 2147483647;
			files = (
			);
			runOnlyForDeploymentPostprocessing = 0;
		};
		101EBA32254729D400461EE9 /* Resources */ = {
			isa = PBXResourcesBuildPhase;
			buildActionMask = 2147483647;
			files = (
			);
			runOnlyForDeploymentPostprocessing = 0;
		};
/* End PBXResourcesBuildPhase section */

/* Begin PBXSourcesBuildPhase section */
		101EBA0F254729D000461EE9 /* Sources */ = {
			isa = PBXSourcesBuildPhase;
			buildActionMask = 2147483647;
			files = (
				101EBA5225472D0200461EE9 /* NetworkManager.swift in Sources */,
				101EBA5C25472F6C00461EE9 /* MovieListDS.swift in Sources */,
				101EBA1B254729D000461EE9 /* MovieListVC.swift in Sources */,
				101EBA17254729D000461EE9 /* AppDelegate.swift in Sources */,
				101EBA712548441100461EE9 /* MovieDetailVC.swift in Sources */,
				101EBA19254729D000461EE9 /* SceneDelegate.swift in Sources */,
				101EBA7C2548AB2500461EE9 /* FooterCRV.swift in Sources */,
				101EBA6425473A2E00461EE9 /* MovieListCVC.swift in Sources */,
				101EBA6C2547455F00461EE9 /* UIImageViewExtension.swift in Sources */,
				101EBA5725472D3B00461EE9 /* Movie.swift in Sources */,
			);
			runOnlyForDeploymentPostprocessing = 0;
		};
		101EBA25254729D400461EE9 /* Sources */ = {
			isa = PBXSourcesBuildPhase;
			buildActionMask = 2147483647;
			files = (
				101EBA2E254729D400461EE9 /* MoviesTests.swift in Sources */,
			);
			runOnlyForDeploymentPostprocessing = 0;
		};
		101EBA30254729D400461EE9 /* Sources */ = {
			isa = PBXSourcesBuildPhase;
			buildActionMask = 2147483647;
			files = (
				101EBA39254729D400461EE9 /* MoviesUITests.swift in Sources */,
			);
			runOnlyForDeploymentPostprocessing = 0;
		};
/* End PBXSourcesBuildPhase section */

/* Begin PBXTargetDependency section */
		101EBA2B254729D400461EE9 /* PBXTargetDependency */ = {
			isa = PBXTargetDependency;
			target = 101EBA12254729D000461EE9 /* Movies */;
			targetProxy = 101EBA2A254729D400461EE9 /* PBXContainerItemProxy */;
		};
		101EBA36254729D400461EE9 /* PBXTargetDependency */ = {
			isa = PBXTargetDependency;
			target = 101EBA12254729D000461EE9 /* Movies */;
			targetProxy = 101EBA35254729D400461EE9 /* PBXContainerItemProxy */;
		};
/* End PBXTargetDependency section */

/* Begin PBXVariantGroup section */
		101EBA1C254729D000461EE9 /* Main.storyboard */ = {
			isa = PBXVariantGroup;
			children = (
				101EBA1D254729D000461EE9 /* Base */,
			);
			name = Main.storyboard;
			sourceTree = "<group>";
		};
		101EBA21254729D400461EE9 /* LaunchScreen.storyboard */ = {
			isa = PBXVariantGroup;
			children = (
				101EBA22254729D400461EE9 /* Base */,
			);
			name = LaunchScreen.storyboard;
			sourceTree = "<group>";
		};
/* End PBXVariantGroup section */

/* Begin XCBuildConfiguration section */
		101EBA3B254729D400461EE9 /* Debug */ = {
			isa = XCBuildConfiguration;
			buildSettings = {
				ALWAYS_SEARCH_USER_PATHS = NO;
				CLANG_ANALYZER_NONNULL = YES;
				CLANG_ANALYZER_NUMBER_OBJECT_CONVERSION = YES_AGGRESSIVE;
				CLANG_CXX_LANGUAGE_STANDARD = "gnu++14";
				CLANG_CXX_LIBRARY = "libc++";
				CLANG_ENABLE_MODULES = YES;
				CLANG_ENABLE_OBJC_ARC = YES;
				CLANG_ENABLE_OBJC_WEAK = YES;
				CLANG_WARN_BLOCK_CAPTURE_AUTORELEASING = YES;
				CLANG_WARN_BOOL_CONVERSION = YES;
				CLANG_WARN_COMMA = YES;
				CLANG_WARN_CONSTANT_CONVERSION = YES;
				CLANG_WARN_DEPRECATED_OBJC_IMPLEMENTATIONS = YES;
				CLANG_WARN_DIRECT_OBJC_ISA_USAGE = YES_ERROR;
				CLANG_WARN_DOCUMENTATION_COMMENTS = YES;
				CLANG_WARN_EMPTY_BODY = YES;
				CLANG_WARN_ENUM_CONVERSION = YES;
				CLANG_WARN_INFINITE_RECURSION = YES;
				CLANG_WARN_INT_CONVERSION = YES;
				CLANG_WARN_NON_LITERAL_NULL_CONVERSION = YES;
				CLANG_WARN_OBJC_IMPLICIT_RETAIN_SELF = YES;
				CLANG_WARN_OBJC_LITERAL_CONVERSION = YES;
				CLANG_WARN_OBJC_ROOT_CLASS = YES_ERROR;
				CLANG_WARN_QUOTED_INCLUDE_IN_FRAMEWORK_HEADER = YES;
				CLANG_WARN_RANGE_LOOP_ANALYSIS = YES;
				CLANG_WARN_STRICT_PROTOTYPES = YES;
				CLANG_WARN_SUSPICIOUS_MOVE = YES;
				CLANG_WARN_UNGUARDED_AVAILABILITY = YES_AGGRESSIVE;
				CLANG_WARN_UNREACHABLE_CODE = YES;
				CLANG_WARN__DUPLICATE_METHOD_MATCH = YES;
				COPY_PHASE_STRIP = NO;
				DEBUG_INFORMATION_FORMAT = dwarf;
				ENABLE_STRICT_OBJC_MSGSEND = YES;
				ENABLE_TESTABILITY = YES;
				GCC_C_LANGUAGE_STANDARD = gnu11;
				GCC_DYNAMIC_NO_PIC = NO;
				GCC_NO_COMMON_BLOCKS = YES;
				GCC_OPTIMIZATION_LEVEL = 0;
				GCC_PREPROCESSOR_DEFINITIONS = (
					"DEBUG=1",
					"$(inherited)",
				);
				GCC_WARN_64_TO_32_BIT_CONVERSION = YES;
				GCC_WARN_ABOUT_RETURN_TYPE = YES_ERROR;
				GCC_WARN_UNDECLARED_SELECTOR = YES;
				GCC_WARN_UNINITIALIZED_AUTOS = YES_AGGRESSIVE;
				GCC_WARN_UNUSED_FUNCTION = YES;
				GCC_WARN_UNUSED_VARIABLE = YES;
				IPHONEOS_DEPLOYMENT_TARGET = 14.0;
				MTL_ENABLE_DEBUG_INFO = INCLUDE_SOURCE;
				MTL_FAST_MATH = YES;
				ONLY_ACTIVE_ARCH = YES;
				SDKROOT = iphoneos;
				SWIFT_ACTIVE_COMPILATION_CONDITIONS = DEBUG;
				SWIFT_OPTIMIZATION_LEVEL = "-Onone";
			};
			name = Debug;
		};
		101EBA3C254729D400461EE9 /* Release */ = {
			isa = XCBuildConfiguration;
			buildSettings = {
				ALWAYS_SEARCH_USER_PATHS = NO;
				CLANG_ANALYZER_NONNULL = YES;
				CLANG_ANALYZER_NUMBER_OBJECT_CONVERSION = YES_AGGRESSIVE;
				CLANG_CXX_LANGUAGE_STANDARD = "gnu++14";
				CLANG_CXX_LIBRARY = "libc++";
				CLANG_ENABLE_MODULES = YES;
				CLANG_ENABLE_OBJC_ARC = YES;
				CLANG_ENABLE_OBJC_WEAK = YES;
				CLANG_WARN_BLOCK_CAPTURE_AUTORELEASING = YES;
				CLANG_WARN_BOOL_CONVERSION = YES;
				CLANG_WARN_COMMA = YES;
				CLANG_WARN_CONSTANT_CONVERSION = YES;
				CLANG_WARN_DEPRECATED_OBJC_IMPLEMENTATIONS = YES;
				CLANG_WARN_DIRECT_OBJC_ISA_USAGE = YES_ERROR;
				CLANG_WARN_DOCUMENTATION_COMMENTS = YES;
				CLANG_WARN_EMPTY_BODY = YES;
				CLANG_WARN_ENUM_CONVERSION = YES;
				CLANG_WARN_INFINITE_RECURSION = YES;
				CLANG_WARN_INT_CONVERSION = YES;
				CLANG_WARN_NON_LITERAL_NULL_CONVERSION = YES;
				CLANG_WARN_OBJC_IMPLICIT_RETAIN_SELF = YES;
				CLANG_WARN_OBJC_LITERAL_CONVERSION = YES;
				CLANG_WARN_OBJC_ROOT_CLASS = YES_ERROR;
				CLANG_WARN_QUOTED_INCLUDE_IN_FRAMEWORK_HEADER = YES;
				CLANG_WARN_RANGE_LOOP_ANALYSIS = YES;
				CLANG_WARN_STRICT_PROTOTYPES = YES;
				CLANG_WARN_SUSPICIOUS_MOVE = YES;
				CLANG_WARN_UNGUARDED_AVAILABILITY = YES_AGGRESSIVE;
				CLANG_WARN_UNREACHABLE_CODE = YES;
				CLANG_WARN__DUPLICATE_METHOD_MATCH = YES;
				COPY_PHASE_STRIP = NO;
				DEBUG_INFORMATION_FORMAT = "dwarf-with-dsym";
				ENABLE_NS_ASSERTIONS = NO;
				ENABLE_STRICT_OBJC_MSGSEND = YES;
				GCC_C_LANGUAGE_STANDARD = gnu11;
				GCC_NO_COMMON_BLOCKS = YES;
				GCC_WARN_64_TO_32_BIT_CONVERSION = YES;
				GCC_WARN_ABOUT_RETURN_TYPE = YES_ERROR;
				GCC_WARN_UNDECLARED_SELECTOR = YES;
				GCC_WARN_UNINITIALIZED_AUTOS = YES_AGGRESSIVE;
				GCC_WARN_UNUSED_FUNCTION = YES;
				GCC_WARN_UNUSED_VARIABLE = YES;
				IPHONEOS_DEPLOYMENT_TARGET = 14.0;
				MTL_ENABLE_DEBUG_INFO = NO;
				MTL_FAST_MATH = YES;
				SDKROOT = iphoneos;
				SWIFT_COMPILATION_MODE = wholemodule;
				SWIFT_OPTIMIZATION_LEVEL = "-O";
				VALIDATE_PRODUCT = YES;
			};
			name = Release;
		};
		101EBA3E254729D400461EE9 /* Debug */ = {
			isa = XCBuildConfiguration;
			buildSettings = {
				ASSETCATALOG_COMPILER_APPICON_NAME = AppIcon;
				ASSETCATALOG_COMPILER_GLOBAL_ACCENT_COLOR_NAME = AccentColor;
				CODE_SIGN_STYLE = Automatic;
				DEVELOPMENT_TEAM = 6T8ZJ7M7C9;
				INFOPLIST_FILE = Movies/Info.plist;
				LD_RUNPATH_SEARCH_PATHS = (
					"$(inherited)",
					"@executable_path/Frameworks",
				);
				PRODUCT_BUNDLE_IDENTIFIER = com.example.Movies;
				PRODUCT_NAME = "$(TARGET_NAME)";
				SWIFT_VERSION = 5.0;
				TARGETED_DEVICE_FAMILY = "1,2";
			};
			name = Debug;
		};
		101EBA3F254729D400461EE9 /* Release */ = {
			isa = XCBuildConfiguration;
			buildSettings = {
				ASSETCATALOG_COMPILER_APPICON_NAME = AppIcon;
				ASSETCATALOG_COMPILER_GLOBAL_ACCENT_COLOR_NAME = AccentColor;
				CODE_SIGN_STYLE = Automatic;
				DEVELOPMENT_TEAM = 6T8ZJ7M7C9;
				INFOPLIST_FILE = Movies/Info.plist;
				LD_RUNPATH_SEARCH_PATHS = (
					"$(inherited)",
					"@executable_path/Frameworks",
				);
				PRODUCT_BUNDLE_IDENTIFIER = com.example.Movies;
				PRODUCT_NAME = "$(TARGET_NAME)";
				SWIFT_VERSION = 5.0;
				TARGETED_DEVICE_FAMILY = "1,2";
			};
			name = Release;
		};
		101EBA41254729D500461EE9 /* Debug */ = {
			isa = XCBuildConfiguration;
			buildSettings = {
				ALWAYS_EMBED_SWIFT_STANDARD_LIBRARIES = YES;
				BUNDLE_LOADER = "$(TEST_HOST)";
				CODE_SIGN_STYLE = Automatic;
				DEVELOPMENT_TEAM = 6T8ZJ7M7C9;
				INFOPLIST_FILE = MoviesTests/Info.plist;
				IPHONEOS_DEPLOYMENT_TARGET = 14.0;
				LD_RUNPATH_SEARCH_PATHS = (
					"$(inherited)",
					"@executable_path/Frameworks",
					"@loader_path/Frameworks",
				);
				PRODUCT_BUNDLE_IDENTIFIER = com.example.MoviesTests;
				PRODUCT_NAME = "$(TARGET_NAME)";
				SWIFT_VERSION = 5.0;
				TARGETED_DEVICE_FAMILY = "1,2";
				TEST_HOST = "$(BUILT_PRODUCTS_DIR)/Movies.app/Movies";
			};
			name = Debug;
		};
		101EBA42254729D500461EE9 /* Release */ = {
			isa = XCBuildConfiguration;
			buildSettings = {
				ALWAYS_EMBED_SWIFT_STANDARD_LIBRARIES = YES;
				BUNDLE_LOADER = "$(TEST_HOST)";
				CODE_SIGN_STYLE = Automatic;
				DEVELOPMENT_TEAM = 6T8ZJ7M7C9;
				INFOPLIST_FILE = MoviesTests/Info.plist;
				IPHONEOS_DEPLOYMENT_TARGET = 14.0;
				LD_RUNPATH_SEARCH_PATHS = (
					"$(inherited)",
					"@executable_path/Frameworks",
					"@loader_path/Frameworks",
				);
				PRODUCT_BUNDLE_IDENTIFIER = com.example.MoviesTests;
				PRODUCT_NAME = "$(TARGET_NAME)";
				SWIFT_VERSION = 5.0;
				TARGETED_DEVICE_FAMILY = "1,2";
				TEST_HOST = "$(BUILT_PRODUCTS_DIR)/Movies.app/Movies";
			};
			name = Release;
		};
		101EBA44254729D500461EE9 /* Debug */ = {
			isa = XCBuildConfiguration;
			buildSettings = {
				ALWAYS_EMBED_SWIFT_STANDARD_LIBRARIES = YES;
				CODE_SIGN_STYLE = Automatic;
				DEVELOPMENT_TEAM = 6T8ZJ7M7C9;
				INFOPLIST_FILE = MoviesUITests/Info.plist;
				LD_RUNPATH_SEARCH_PATHS = (
					"$(inherited)",
					"@executable_path/Frameworks",
					"@loader_path/Frameworks",
				);
				PRODUCT_BUNDLE_IDENTIFIER = com.example.MoviesUITests;
				PRODUCT_NAME = "$(TARGET_NAME)";
				SWIFT_VERSION = 5.0;
				TARGETED_DEVICE_FAMILY = "1,2";
				TEST_TARGET_NAME = Movies;
			};
			name = Debug;
		};
		101EBA45254729D500461EE9 /* Release */ = {
			isa = XCBuildConfiguration;
			buildSettings = {
				ALWAYS_EMBED_SWIFT_STANDARD_LIBRARIES = YES;
				CODE_SIGN_STYLE = Automatic;
				DEVELOPMENT_TEAM = 6T8ZJ7M7C9;
				INFOPLIST_FILE = MoviesUITests/Info.plist;
				LD_RUNPATH_SEARCH_PATHS = (
					"$(inherited)",
					"@executable_path/Frameworks",
					"@loader_path/Frameworks",
				);
				PRODUCT_BUNDLE_IDENTIFIER = com.example.MoviesUITests;
				PRODUCT_NAME = "$(TARGET_NAME)";
				SWIFT_VERSION = 5.0;
				TARGETED_DEVICE_FAMILY = "1,2";
				TEST_TARGET_NAME = Movies;
			};
			name = Release;
		};
/* End XCBuildConfiguration section */

/* Begin XCConfigurationList section */
		101EBA0E254729CF00461EE9 /* Build configuration list for PBXProject "Movies" */ = {
			isa = XCConfigurationList;
			buildConfigurations = (
				101EBA3B254729D400461EE9 /* Debug */,
				101EBA3C254729D400461EE9 /* Release */,
			);
			defaultConfigurationIsVisible = 0;
			defaultConfigurationName = Release;
		};
		101EBA3D254729D400461EE9 /* Build configuration list for PBXNativeTarget "Movies" */ = {
			isa = XCConfigurationList;
			buildConfigurations = (
				101EBA3E254729D400461EE9 /* Debug */,
				101EBA3F254729D400461EE9 /* Release */,
			);
			defaultConfigurationIsVisible = 0;
			defaultConfigurationName = Release;
		};
		101EBA40254729D500461EE9 /* Build configuration list for PBXNativeTarget "MoviesTests" */ = {
			isa = XCConfigurationList;
			buildConfigurations = (
				101EBA41254729D500461EE9 /* Debug */,
				101EBA42254729D500461EE9 /* Release */,
			);
			defaultConfigurationIsVisible = 0;
			defaultConfigurationName = Release;
		};
		101EBA43254729D500461EE9 /* Build configuration list for PBXNativeTarget "MoviesUITests" */ = {
			isa = XCConfigurationList;
			buildConfigurations = (
				101EBA44254729D500461EE9 /* Debug */,
				101EBA45254729D500461EE9 /* Release */,
			);
			defaultConfigurationIsVisible = 0;
			defaultConfigurationName = Release;
		};
/* End XCConfigurationList section */
	};
	rootObject = 101EBA0B254729CF00461EE9 /* Project object */;
}
